{
	"name": "project",
	"lockfileVersion": 2,
	"requires": true,
	"packages": {
		"": {
			"dependencies": {
				"@mvsde/eleventy-plugin-vue": "file:../.."
			}
		},
		"../..": {
			"name": "@mvsde/eleventy-plugin-vue",
			"version": "0.1.1",
			"license": "MIT",
			"dependencies": {
				"@vitejs/plugin-vue": "^3.2.0-beta.0",
				"module-from-string": "^3.3.0",
				"rollup": "^3.2.3",
				"rollup-plugin-css-only": "^4.5.2"
			},
			"devDependencies": {
				"@11ty/eleventy": "^2.0.0-canary.16",
				"@rollup/plugin-alias": "^5.1.0",
				"conventional-changelog-cli": "^2.2.2",
				"eslint": "^8.25.0",
				"eslint-config-standard": "^17.0.0",
				"eslint-plugin-simple-import-sort": "^8.0.0",
				"eslint-plugin-vue": "^9.6.0"
			},
			"engines": {
				"node": ">=18"
			},
			"peerDependencies": {
				"vue": "^3"
			}
		},
		"node_modules/@mvsde/eleventy-plugin-vue": {
			"resolved": "../..",
			"link": true
		}
	},
	"dependencies": {
		"@mvsde/eleventy-plugin-vue": {
			"version": "file:../..",
			"requires": {
				"@11ty/eleventy": "^2.0.0-canary.16",
				"@rollup/plugin-alias": "^5.1.0",
				"@vitejs/plugin-vue": "^3.2.0-beta.0",
				"conventional-changelog-cli": "^2.2.2",
				"eslint": "^8.25.0",
				"eslint-config-standard": "^17.0.0",
				"eslint-plugin-simple-import-sort": "^8.0.0",
				"eslint-plugin-vue": "^9.6.0",
				"module-from-string": "^3.3.0",
				"rollup": "^3.2.3",
				"rollup-plugin-css-only": "^4.5.2"
			}
		}
	}
}
